
Microsoft Visual Studio Solution File, Format Version 12.00
# Visual Studio Version 17
VisualStudioVersion = 17.8.34511.84
MinimumVisualStudioVersion = 10.0.40219.1
Project("{FAE04EC0-301F-11D3-BF4B-00C04F79EFBC}") = "EjercicioBibliotecaCRUD", "EjercicioBibliotecaCRUD.csproj", "{F9BAB465-DC00-493F-8F3E-2F1BD60E1038}"
EndProject
Global
	GlobalSection(SolutionConfigurationPlatforms) = preSolution
		Debug|Any CPU = Debug|Any CPU
		Release|Any CPU = Release|Any CPU
	EndGlobalSection
	GlobalSection(ProjectConfigurationPlatforms) = postSolution
		{F9BAB465-DC00-493F-8F3E-2F1BD60E1038}.Debug|Any CPU.ActiveCfg = Debug|Any CPU
		{F9BAB465-DC00-493F-8F3E-2F1BD60E1038}.Debug|Any CPU.Build.0 = Debug|Any CPU
		{F9BAB465-DC00-493F-8F3E-2F1BD60E1038}.Release|Any CPU.ActiveCfg = Release|Any CPU
		{F9BAB465-DC00-493F-8F3E-2F1BD60E1038}.Release|Any CPU.Build.0 = Release|Any CPU
	EndGlobalSection
	GlobalSection(SolutionProperties) = preSolution
		HideSolutionNode = FALSE
	EndGlobalSection
	GlobalSection(ExtensibilityGlobals) = postSolution
		SolutionGuid = {99D8A1F7-BFC2-477D-8AC4-894AFD647945}
	EndGlobalSection
EndGlobal
